
Microsoft Visual Studio Solution File, Format Version 12.00
# Visual Studio Version 17
VisualStudioVersion = 17.8.34330.188
MinimumVisualStudioVersion = 10.0.40219.1
Project("{FAE04EC0-301F-11D3-BF4B-00C04F79EFBC}") = "be_account", "be_account\be_account.csproj", "{9E4417A2-164D-4F9F-AA85-7CA855793EC0}"
EndProject
Project("{E53339B2-1760-4266-BCC7-CA923CBCF16C}") = "docker-compose", "docker-compose.dcproj", "{FC4551EB-1F99-486A-85E9-D5CBE1B3C135}"
EndProject
Global
	GlobalSection(SolutionConfigurationPlatforms) = preSolution
		Debug|Any CPU = Debug|Any CPU
		Release|Any CPU = Release|Any CPU
	EndGlobalSection
	GlobalSection(ProjectConfigurationPlatforms) = postSolution
		{9E4417A2-164D-4F9F-AA85-7CA855793EC0}.Debug|Any CPU.ActiveCfg = Debug|Any CPU
		{9E4417A2-164D-4F9F-AA85-7CA855793EC0}.Debug|Any CPU.Build.0 = Debug|Any CPU
		{9E4417A2-164D-4F9F-AA85-7CA855793EC0}.Release|Any CPU.ActiveCfg = Release|Any CPU
		{9E4417A2-164D-4F9F-AA85-7CA855793EC0}.Release|Any CPU.Build.0 = Release|Any CPU
		{FC4551EB-1F99-486A-85E9-D5CBE1B3C135}.Debug|Any CPU.ActiveCfg = Debug|Any CPU
		{FC4551EB-1F99-486A-85E9-D5CBE1B3C135}.Debug|Any CPU.Build.0 = Debug|Any CPU
		{FC4551EB-1F99-486A-85E9-D5CBE1B3C135}.Release|Any CPU.ActiveCfg = Release|Any CPU
		{FC4551EB-1F99-486A-85E9-D5CBE1B3C135}.Release|Any CPU.Build.0 = Release|Any CPU
	EndGlobalSection
	GlobalSection(SolutionProperties) = preSolution
		HideSolutionNode = FALSE
	EndGlobalSection
	GlobalSection(ExtensibilityGlobals) = postSolution
		SolutionGuid = {460B5277-68C9-4F25-AEFD-A15B0B18C2E3}
	EndGlobalSection
EndGlobal
